
Microsoft Visual Studio Solution File, Format Version 12.00
# Visual Studio Version 17
VisualStudioVersion = 17.13.35931.197 d17.13
MinimumVisualStudioVersion = 10.0.40219.1
Project("{FAE04EC0-301F-11D3-BF4B-00C04F79EFBC}") = "WindowsFormsApp_04_if_practice", "WindowsFormsApp_04_if_practice\WindowsFormsApp_04_if_practice.csproj", "{44E278C2-5EF0-4CCA-9C15-DDBEE11EF4CF}"
EndProject
Global
	GlobalSection(SolutionConfigurationPlatforms) = preSolution
		Debug|Any CPU = Debug|Any CPU
		Release|Any CPU = Release|Any CPU
	EndGlobalSection
	GlobalSection(ProjectConfigurationPlatforms) = postSolution
		{44E278C2-5EF0-4CCA-9C15-DDBEE11EF4CF}.Debug|Any CPU.ActiveCfg = Debug|Any CPU
		{44E278C2-5EF0-4CCA-9C15-DDBEE11EF4CF}.Debug|Any CPU.Build.0 = Debug|Any CPU
		{44E278C2-5EF0-4CCA-9C15-DDBEE11EF4CF}.Release|Any CPU.ActiveCfg = Release|Any CPU
		{44E278C2-5EF0-4CCA-9C15-DDBEE11EF4CF}.Release|Any CPU.Build.0 = Release|Any CPU
	EndGlobalSection
	GlobalSection(SolutionProperties) = preSolution
		HideSolutionNode = FALSE
	EndGlobalSection
	GlobalSection(ExtensibilityGlobals) = postSolution
		SolutionGuid = {1B8BB3E0-A7D0-43E8-8551-49EB10C26805}
	EndGlobalSection
EndGlobal
