
Microsoft Visual Studio Solution File, Format Version 12.00
# Visual Studio Version 17
VisualStudioVersion = 17.13.35931.197 d17.13
MinimumVisualStudioVersion = 10.0.40219.1
Project("{FAE04EC0-301F-11D3-BF4B-00C04F79EFBC}") = "WindowsFormsApp_15_Generic_Dictionary_practice", "WindowsFormsApp_15_Generic_Dictionary_practice\WindowsFormsApp_15_Generic_Dictionary_practice.csproj", "{EA71FE2C-734A-4FE8-BD77-982FE92E72FE}"
EndProject
Global
	GlobalSection(SolutionConfigurationPlatforms) = preSolution
		Debug|Any CPU = Debug|Any CPU
		Release|Any CPU = Release|Any CPU
	EndGlobalSection
	GlobalSection(ProjectConfigurationPlatforms) = postSolution
		{EA71FE2C-734A-4FE8-BD77-982FE92E72FE}.Debug|Any CPU.ActiveCfg = Debug|Any CPU
		{EA71FE2C-734A-4FE8-BD77-982FE92E72FE}.Debug|Any CPU.Build.0 = Debug|Any CPU
		{EA71FE2C-734A-4FE8-BD77-982FE92E72FE}.Release|Any CPU.ActiveCfg = Release|Any CPU
		{EA71FE2C-734A-4FE8-BD77-982FE92E72FE}.Release|Any CPU.Build.0 = Release|Any CPU
	EndGlobalSection
	GlobalSection(SolutionProperties) = preSolution
		HideSolutionNode = FALSE
	EndGlobalSection
	GlobalSection(ExtensibilityGlobals) = postSolution
		SolutionGuid = {377DC644-9D96-46A9-AEF1-47D8F79E9882}
	EndGlobalSection
EndGlobal
