
Microsoft Visual Studio Solution File, Format Version 12.00
# Visual Studio Version 17
VisualStudioVersion = 17.13.35931.197 d17.13
MinimumVisualStudioVersion = 10.0.40219.1
Project("{FAE04EC0-301F-11D3-BF4B-00C04F79EFBC}") = "WindowsFormsApp_12_ref_practice", "WindowsFormsApp_12_ref_practice\WindowsFormsApp_12_ref_practice.csproj", "{2BDDCF3B-B313-4668-B11F-E9289B3A2E93}"
EndProject
Global
	GlobalSection(SolutionConfigurationPlatforms) = preSolution
		Debug|Any CPU = Debug|Any CPU
		Release|Any CPU = Release|Any CPU
	EndGlobalSection
	GlobalSection(ProjectConfigurationPlatforms) = postSolution
		{2BDDCF3B-B313-4668-B11F-E9289B3A2E93}.Debug|Any CPU.ActiveCfg = Debug|Any CPU
		{2BDDCF3B-B313-4668-B11F-E9289B3A2E93}.Debug|Any CPU.Build.0 = Debug|Any CPU
		{2BDDCF3B-B313-4668-B11F-E9289B3A2E93}.Release|Any CPU.ActiveCfg = Release|Any CPU
		{2BDDCF3B-B313-4668-B11F-E9289B3A2E93}.Release|Any CPU.Build.0 = Release|Any CPU
	EndGlobalSection
	GlobalSection(SolutionProperties) = preSolution
		HideSolutionNode = FALSE
	EndGlobalSection
	GlobalSection(ExtensibilityGlobals) = postSolution
		SolutionGuid = {6AE02678-B5DC-4572-A37B-E7C4253C4AFB}
	EndGlobalSection
EndGlobal
